
Microsoft Visual Studio Solution File, Format Version 12.00
# Visual Studio Version 17
VisualStudioVersion = 17.10.35122.118
MinimumVisualStudioVersion = 10.0.40219.1
Project("{FAE04EC0-301F-11D3-BF4B-00C04F79EFBC}") = "SharpNEX.Editor.UI", "SharpNEX.Editor.UI.csproj", "{F1AB6B46-89FC-4A99-B39E-1E7CCD056E54}"
EndProject
Global
	GlobalSection(SolutionConfigurationPlatforms) = preSolution
		Debug|Any CPU = Debug|Any CPU
		Release|Any CPU = Release|Any CPU
	EndGlobalSection
	GlobalSection(ProjectConfigurationPlatforms) = postSolution
		{F1AB6B46-89FC-4A99-B39E-1E7CCD056E54}.Debug|Any CPU.ActiveCfg = Debug|Any CPU
		{F1AB6B46-89FC-4A99-B39E-1E7CCD056E54}.Debug|Any CPU.Build.0 = Debug|Any CPU
		{F1AB6B46-89FC-4A99-B39E-1E7CCD056E54}.Release|Any CPU.ActiveCfg = Release|Any CPU
		{F1AB6B46-89FC-4A99-B39E-1E7CCD056E54}.Release|Any CPU.Build.0 = Release|Any CPU
	EndGlobalSection
	GlobalSection(SolutionProperties) = preSolution
		HideSolutionNode = FALSE
	EndGlobalSection
	GlobalSection(ExtensibilityGlobals) = postSolution
		SolutionGuid = {A6D06C6D-3F5D-48D0-A4A5-59BACD88B9BD}
	EndGlobalSection
EndGlobal
